// !$*UTF8*$!
{
	archiveVersion = 1;
	classes = {
	};
	objectVersion = 50;
	objects = {

/* Begin PBXBuildFile section */
		CEA1DB6022FB5004008ECF97 /* ServiceQueue.swift in Sources */ = {isa = PBXBuildFile; fileRef = CEA1DB5F22FB5004008ECF97 /* ServiceQueue.swift */; };
		CEB3A20F22F5B1DE00C1D1AD /* AppDelegate.swift in Sources */ = {isa = PBXBuildFile; fileRef = CEB3A20E22F5B1DE00C1D1AD /* AppDelegate.swift */; };
		CEB3A21122F5B1DE00C1D1AD /* ViewController.swift in Sources */ = {isa = PBXBuildFile; fileRef = CEB3A21022F5B1DE00C1D1AD /* ViewController.swift */; };
		CEB3A21322F5B1E000C1D1AD /* Assets.xcassets in Resources */ = {isa = PBXBuildFile; fileRef = CEB3A21222F5B1E000C1D1AD /* Assets.xcassets */; };
		CEB3A21622F5B1E000C1D1AD /* Main.storyboard in Resources */ = {isa = PBXBuildFile; fileRef = CEB3A21422F5B1E000C1D1AD /* Main.storyboard */; };
/* End PBXBuildFile section */

/* Begin PBXFileReference section */
		CEA1DB5F22FB5004008ECF97 /* ServiceQueue.swift */ = {isa = PBXFileReference; lastKnownFileType = sourcecode.swift; path = ServiceQueue.swift; sourceTree = "<group>"; };
		CEB3A20B22F5B1DE00C1D1AD /* AsyncTask.app */ = {isa = PBXFileReference; explicitFileType = wrapper.application; includeInIndex = 0; path = AsyncTask.app; sourceTree = BUILT_PRODUCTS_DIR; };
		CEB3A20E22F5B1DE00C1D1AD /* AppDelegate.swift */ = {isa = PBXFileReference; lastKnownFileType = sourcecode.swift; path = AppDelegate.swift; sourceTree = "<group>"; };
		CEB3A21022F5B1DE00C1D1AD /* ViewController.swift */ = {isa = PBXFileReference; lastKnownFileType = sourcecode.swift; path = ViewController.swift; sourceTree = "<group>"; };
		CEB3A21222F5B1E000C1D1AD /* Assets.xcassets */ = {isa = PBXFileReference; lastKnownFileType = folder.assetcatalog; path = Assets.xcassets; sourceTree = "<group>"; };
		CEB3A21522F5B1E000C1D1AD /* Base */ = {isa = PBXFileReference; lastKnownFileType = file.storyboard; name = Base; path = Base.lproj/Main.storyboard; sourceTree = "<group>"; };
		CEB3A21722F5B1E000C1D1AD /* Info.plist */ = {isa = PBXFileReference; lastKnownFileType = text.plist.xml; path = Info.plist; sourceTree = "<group>"; };
		CEB3A21822F5B1E000C1D1AD /* AsyncTask.entitlements */ = {isa = PBXFileReference; lastKnownFileType = text.plist.entitlements; path = AsyncTask.entitlements; sourceTree = "<group>"; };
/* End PBXFileReference section */

/* Begin PBXFrameworksBuildPhase section */
		CEB3A20822F5B1DE00C1D1AD /* Frameworks */ = {
			isa = PBXFrameworksBuildPhase;
			buildActionMask = 2147483647;
			files = (
			);
			runOnlyForDeploymentPostprocessing = 0;
		};
/* End PBXFrameworksBuildPhase section */

/* Begin PBXGroup section */
		CEB3A20222F5B1DD00C1D1AD = {
			isa = PBXGroup;
			children = (
				CEB3A20D22F5B1DE00C1D1AD /* AsyncTask */,
				CEB3A20C22F5B1DE00C1D1AD /* Products */,
			);
			sourceTree = "<group>";
		};
		CEB3A20C22F5B1DE00C1D1AD /* Products */ = {
			isa = PBXGroup;
			children = (
				CEB3A20B22F5B1DE00C1D1AD /* AsyncTask.app */,
			);
			name = Products;
			sourceTree = "<group>";
		};
		CEB3A20D22F5B1DE00C1D1AD /* AsyncTask */ = {
			isa = PBXGroup;
			children = (
				CEB3A21E22F5B22A00C1D1AD /* Sources */,
				CEB3A20E22F5B1DE00C1D1AD /* AppDelegate.swift */,
				CEB3A21022F5B1DE00C1D1AD /* ViewController.swift */,
				CEB3A21222F5B1E000C1D1AD /* Assets.xcassets */,
				CEB3A21422F5B1E000C1D1AD /* Main.storyboard */,
				CEB3A21722F5B1E000C1D1AD /* Info.plist */,
				CEB3A21822F5B1E000C1D1AD /* AsyncTask.entitlements */,
			);
			path = AsyncTask;
			sourceTree = "<group>";
		};
		CEB3A21E22F5B22A00C1D1AD /* Sources */ = {
			isa = PBXGroup;
			children = (
				CEA1DB5F22FB5004008ECF97 /* ServiceQueue.swift */,
			);
			path = Sources;
			sourceTree = "<group>";
		};
/* End PBXGroup section */

/* Begin PBXNativeTarget section */
		CEB3A20A22F5B1DE00C1D1AD /* AsyncTask */ = {
			isa = PBXNativeTarget;
			buildConfigurationList = CEB3A21B22F5B1E000C1D1AD /* Build configuration list for PBXNativeTarget "AsyncTask" */;
			buildPhases = (
				CEB3A20722F5B1DE00C1D1AD /* Sources */,
				CEB3A20822F5B1DE00C1D1AD /* Frameworks */,
				CEB3A20922F5B1DE00C1D1AD /* Resources */,
			);
			buildRules = (
			);
			dependencies = (
			);
			name = AsyncTask;
			productName = AsyncTask;
			productReference = CEB3A20B22F5B1DE00C1D1AD /* AsyncTask.app */;
			productType = "com.apple.product-type.application";
		};
/* End PBXNativeTarget section */

/* Begin PBXProject section */
		CEB3A20322F5B1DD00C1D1AD /* Project object */ = {
			isa = PBXProject;
			attributes = {
				LastSwiftUpdateCheck = 1030;
				LastUpgradeCheck = 1030;
				ORGANIZATIONNAME = "ankit kumar bharti";
				TargetAttributes = {
					CEB3A20A22F5B1DE00C1D1AD = {
						CreatedOnToolsVersion = 10.3;
					};
				};
			};
			buildConfigurationList = CEB3A20622F5B1DE00C1D1AD /* Build configuration list for PBXProject "AsyncTask" */;
			compatibilityVersion = "Xcode 9.3";
			developmentRegion = en;
			hasScannedForEncodings = 0;
			knownRegions = (
				en,
				Base,
			);
			mainGroup = CEB3A20222F5B1DD00C1D1AD;
			productRefGroup = CEB3A20C22F5B1DE00C1D1AD /* Products */;
			projectDirPath = "";
			projectRoot = "";
			targets = (
				CEB3A20A22F5B1DE00C1D1AD /* AsyncTask */,
			);
		};
/* End PBXProject section */

/* Begin PBXResourcesBuildPhase section */
		CEB3A20922F5B1DE00C1D1AD /* Resources */ = {
			isa = PBXResourcesBuildPhase;
			buildActionMask = 2147483647;
			files = (
				CEB3A21322F5B1E000C1D1AD /* Assets.xcassets in Resources */,
				CEB3A21622F5B1E000C1D1AD /* Main.storyboard in Resources */,
			);
			runOnlyForDeploymentPostprocessing = 0;
		};
/* End PBXResourcesBuildPhase section */

/* Begin PBXSourcesBuildPhase section */
		CEB3A20722F5B1DE00C1D1AD /* Sources */ = {
			isa = PBXSourcesBuildPhase;
			buildActionMask = 2147483647;
			files = (
				CEB3A21122F5B1DE00C1D1AD /* ViewController.swift in Sources */,
				CEB3A20F22F5B1DE00C1D1AD /* AppDelegate.swift in Sources */,
				CEA1DB6022FB5004008ECF97 /* ServiceQueue.swift in Sources */,
			);
			runOnlyForDeploymentPostprocessing = 0;
		};
/* End PBXSourcesBuildPhase section */

/* Begin PBXVariantGroup section */
		CEB3A21422F5B1E000C1D1AD /* Main.storyboard */ = {
			isa = PBXVariantGroup;
			children = (
				CEB3A21522F5B1E000C1D1AD /* Base */,
			);
			name = Main.storyboard;
			sourceTree = "<group>";
		};
/* End PBXVariantGroup section */

/* Begin XCBuildConfiguration section */
		CEB3A21922F5B1E000C1D1AD /* Debug */ = {
			isa = XCBuildConfiguration;
			buildSettings = {
				ALWAYS_SEARCH_USER_PATHS = NO;
				CLANG_ANALYZER_NONNULL = YES;
				CLANG_ANALYZER_NUMBER_OBJECT_CONVERSION = YES_AGGRESSIVE;
				CLANG_CXX_LANGUAGE_STANDARD = "gnu++14";
				CLANG_CXX_LIBRARY = "libc++";
				CLANG_ENABLE_MODULES = YES;
				CLANG_ENABLE_OBJC_ARC = YES;
				CLANG_ENABLE_OBJC_WEAK = YES;
				CLANG_WARN_BLOCK_CAPTURE_AUTORELEASING = YES;
				CLANG_WARN_BOOL_CONVERSION = YES;
				CLANG_WARN_COMMA = YES;
				CLANG_WARN_CONSTANT_CONVERSION = YES;
				CLANG_WARN_DEPRECATED_OBJC_IMPLEMENTATIONS = YES;
				CLANG_WARN_DIRECT_OBJC_ISA_USAGE = YES_ERROR;
				CLANG_WARN_DOCUMENTATION_COMMENTS = YES;
				CLANG_WARN_EMPTY_BODY = YES;
				CLANG_WARN_ENUM_CONVERSION = YES;
				CLANG_WARN_INFINITE_RECURSION = YES;
				CLANG_WARN_INT_CONVERSION = YES;
				CLANG_WARN_NON_LITERAL_NULL_CONVERSION = YES;
				CLANG_WARN_OBJC_IMPLICIT_RETAIN_SELF = YES;
				CLANG_WARN_OBJC_LITERAL_CONVERSION = YES;
				CLANG_WARN_OBJC_ROOT_CLASS = YES_ERROR;
				CLANG_WARN_RANGE_LOOP_ANALYSIS = YES;
				CLANG_WARN_STRICT_PROTOTYPES = YES;
				CLANG_WARN_SUSPICIOUS_MOVE = YES;
				CLANG_WARN_UNGUARDED_AVAILABILITY = YES_AGGRESSIVE;
				CLANG_WARN_UNREACHABLE_CODE = YES;
				CLANG_WARN__DUPLICATE_METHOD_MATCH = YES;
				CODE_SIGN_IDENTITY = "Mac Developer";
				COPY_PHASE_STRIP = NO;
				DEBUG_INFORMATION_FORMAT = dwarf;
				ENABLE_STRICT_OBJC_MSGSEND = YES;
				ENABLE_TESTABILITY = YES;
				GCC_C_LANGUAGE_STANDARD = gnu11;
				GCC_DYNAMIC_NO_PIC = NO;
				GCC_NO_COMMON_BLOCKS = YES;
				GCC_OPTIMIZATION_LEVEL = 0;
				GCC_PREPROCESSOR_DEFINITIONS = (
					"DEBUG=1",
					"$(inherited)",
				);
				GCC_WARN_64_TO_32_BIT_CONVERSION = YES;
				GCC_WARN_ABOUT_RETURN_TYPE = YES_ERROR;
				GCC_WARN_UNDECLARED_SELECTOR = YES;
				GCC_WARN_UNINITIALIZED_AUTOS = YES_AGGRESSIVE;
				GCC_WARN_UNUSED_FUNCTION = YES;
				GCC_WARN_UNUSED_VARIABLE = YES;
				MACOSX_DEPLOYMENT_TARGET = 10.14;
				MTL_ENABLE_DEBUG_INFO = INCLUDE_SOURCE;
				MTL_FAST_MATH = YES;
				ONLY_ACTIVE_ARCH = YES;
				SDKROOT = macosx;
				SWIFT_ACTIVE_COMPILATION_CONDITIONS = DEBUG;
				SWIFT_OPTIMIZATION_LEVEL = "-Onone";
			};
			name = Debug;
		};
		CEB3A21A22F5B1E000C1D1AD /* Release */ = {
			isa = XCBuildConfiguration;
			buildSettings = {
				ALWAYS_SEARCH_USER_PATHS = NO;
				CLANG_ANALYZER_NONNULL = YES;
				CLANG_ANALYZER_NUMBER_OBJECT_CONVERSION = YES_AGGRESSIVE;
				CLANG_CXX_LANGUAGE_STANDARD = "gnu++14";
				CLANG_CXX_LIBRARY = "libc++";
				CLANG_ENABLE_MODULES = YES;
				CLANG_ENABLE_OBJC_ARC = YES;
				CLANG_ENABLE_OBJC_WEAK = YES;
				CLANG_WARN_BLOCK_CAPTURE_AUTORELEASING = YES;
				CLANG_WARN_BOOL_CONVERSION = YES;
				CLANG_WARN_COMMA = YES;
				CLANG_WARN_CONSTANT_CONVERSION = YES;
				CLANG_WARN_DEPRECATED_OBJC_IMPLEMENTATIONS = YES;
				CLANG_WARN_DIRECT_OBJC_ISA_USAGE = YES_ERROR;
				CLANG_WARN_DOCUMENTATION_COMMENTS = YES;
				CLANG_WARN_EMPTY_BODY = YES;
				CLANG_WARN_ENUM_CONVERSION = YES;
				CLANG_WARN_INFINITE_RECURSION = YES;
				CLANG_WARN_INT_CONVERSION = YES;
				CLANG_WARN_NON_LITERAL_NULL_CONVERSION = YES;
				CLANG_WARN_OBJC_IMPLICIT_RETAIN_SELF = YES;
				CLANG_WARN_OBJC_LITERAL_CONVERSION = YES;
				CLANG_WARN_OBJC_ROOT_CLASS = YES_ERROR;
				CLANG_WARN_RANGE_LOOP_ANALYSIS = YES;
				CLANG_WARN_STRICT_PROTOTYPES = YES;
				CLANG_WARN_SUSPICIOUS_MOVE = YES;
				CLANG_WARN_UNGUARDED_AVAILABILITY = YES_AGGRESSIVE;
				CLANG_WARN_UNREACHABLE_CODE = YES;
				CLANG_WARN__DUPLICATE_METHOD_MATCH = YES;
				CODE_SIGN_IDENTITY = "Mac Developer";
				COPY_PHASE_STRIP = NO;
				DEBUG_INFORMATION_FORMAT = "dwarf-with-dsym";
				ENABLE_NS_ASSERTIONS = NO;
				ENABLE_STRICT_OBJC_MSGSEND = YES;
				GCC_C_LANGUAGE_STANDARD = gnu11;
				GCC_NO_COMMON_BLOCKS = YES;
				GCC_WARN_64_TO_32_BIT_CONVERSION = YES;
				GCC_WARN_ABOUT_RETURN_TYPE = YES_ERROR;
				GCC_WARN_UNDECLARED_SELECTOR = YES;
				GCC_WARN_UNINITIALIZED_AUTOS = YES_AGGRESSIVE;
				GCC_WARN_UNUSED_FUNCTION = YES;
				GCC_WARN_UNUSED_VARIABLE = YES;
				MACOSX_DEPLOYMENT_TARGET = 10.14;
				MTL_ENABLE_DEBUG_INFO = NO;
				MTL_FAST_MATH = YES;
				SDKROOT = macosx;
				SWIFT_COMPILATION_MODE = wholemodule;
				SWIFT_OPTIMIZATION_LEVEL = "-O";
			};
			name = Release;
		};
		CEB3A21C22F5B1E000C1D1AD /* Debug */ = {
			isa = XCBuildConfiguration;
			buildSettings = {
				ASSETCATALOG_COMPILER_APPICON_NAME = AppIcon;
				CODE_SIGN_ENTITLEMENTS = AsyncTask/AsyncTask.entitlements;
				CODE_SIGN_STYLE = Automatic;
				COMBINE_HIDPI_IMAGES = YES;
				DEVELOPMENT_TEAM = H83TSUZGC5;
				INFOPLIST_FILE = AsyncTask/Info.plist;
				LD_RUNPATH_SEARCH_PATHS = (
					"$(inherited)",
					"@executable_path/../Frameworks",
				);
				PRODUCT_BUNDLE_IDENTIFIER = com.ankit.AsyncTask;
				PRODUCT_NAME = "$(TARGET_NAME)";
				SWIFT_VERSION = 5.0;
			};
			name = Debug;
		};
		CEB3A21D22F5B1E000C1D1AD /* Release */ = {
			isa = XCBuildConfiguration;
			buildSettings = {
				ASSETCATALOG_COMPILER_APPICON_NAME = AppIcon;
				CODE_SIGN_ENTITLEMENTS = AsyncTask/AsyncTask.entitlements;
				CODE_SIGN_STYLE = Automatic;
				COMBINE_HIDPI_IMAGES = YES;
				DEVELOPMENT_TEAM = H83TSUZGC5;
				INFOPLIST_FILE = AsyncTask/Info.plist;
				LD_RUNPATH_SEARCH_PATHS = (
					"$(inherited)",
					"@executable_path/../Frameworks",
				);
				PRODUCT_BUNDLE_IDENTIFIER = com.ankit.AsyncTask;
				PRODUCT_NAME = "$(TARGET_NAME)";
				SWIFT_VERSION = 5.0;
			};
			name = Release;
		};
/* End XCBuildConfiguration section */

/* Begin XCConfigurationList section */
		CEB3A20622F5B1DE00C1D1AD /* Build configuration list for PBXProject "AsyncTask" */ = {
			isa = XCConfigurationList;
			buildConfigurations = (
				CEB3A21922F5B1E000C1D1AD /* Debug */,
				CEB3A21A22F5B1E000C1D1AD /* Release */,
			);
			defaultConfigurationIsVisible = 0;
			defaultConfigurationName = Release;
		};
		CEB3A21B22F5B1E000C1D1AD /* Build configuration list for PBXNativeTarget "AsyncTask" */ = {
			isa = XCConfigurationList;
			buildConfigurations = (
				CEB3A21C22F5B1E000C1D1AD /* Debug */,
				CEB3A21D22F5B1E000C1D1AD /* Release */,
			);
			defaultConfigurationIsVisible = 0;
			defaultConfigurationName = Release;
		};
/* End XCConfigurationList section */
	};
	rootObject = CEB3A20322F5B1DD00C1D1AD /* Project object */;
}
